
Microsoft Visual Studio Solution File, Format Version 12.00
# Visual Studio 15
VisualStudioVersion = 15.0.28307.1169
MinimumVisualStudioVersion = 10.0.40219.1
Project("{9A19103F-16F7-4668-BE54-9A1E7A4F7556}") = "SCGApi", "SCGApi\SCGApi.csproj", "{76CA451F-B757-475E-9947-5E18C6D2CD57}"
EndProject
Project("{9A19103F-16F7-4668-BE54-9A1E7A4F7556}") = "SCG.Core", "SCG.Core\SCG.Core.csproj", "{FFCBE9E2-F37B-4009-8697-DFA9555196AD}"
EndProject
Project("{9A19103F-16F7-4668-BE54-9A1E7A4F7556}") = "WebApi.Utilities", "..\App\WebApi\WebApi.Utilities\WebApi.Utilities.csproj", "{64F5148A-1152-40BD-9CD5-FAD310B3EA8F}"
EndProject
Global
	GlobalSection(SolutionConfigurationPlatforms) = preSolution
		Debug|Any CPU = Debug|Any CPU
		Release|Any CPU = Release|Any CPU
	EndGlobalSection
	GlobalSection(ProjectConfigurationPlatforms) = postSolution
		{76CA451F-B757-475E-9947-5E18C6D2CD57}.Debug|Any CPU.ActiveCfg = Debug|Any CPU
		{76CA451F-B757-475E-9947-5E18C6D2CD57}.Debug|Any CPU.Build.0 = Debug|Any CPU
		{76CA451F-B757-475E-9947-5E18C6D2CD57}.Release|Any CPU.ActiveCfg = Release|Any CPU
		{76CA451F-B757-475E-9947-5E18C6D2CD57}.Release|Any CPU.Build.0 = Release|Any CPU
		{FFCBE9E2-F37B-4009-8697-DFA9555196AD}.Debug|Any CPU.ActiveCfg = Debug|Any CPU
		{FFCBE9E2-F37B-4009-8697-DFA9555196AD}.Debug|Any CPU.Build.0 = Debug|Any CPU
		{FFCBE9E2-F37B-4009-8697-DFA9555196AD}.Release|Any CPU.ActiveCfg = Release|Any CPU
		{FFCBE9E2-F37B-4009-8697-DFA9555196AD}.Release|Any CPU.Build.0 = Release|Any CPU
		{64F5148A-1152-40BD-9CD5-FAD310B3EA8F}.Debug|Any CPU.ActiveCfg = Debug|Any CPU
		{64F5148A-1152-40BD-9CD5-FAD310B3EA8F}.Debug|Any CPU.Build.0 = Debug|Any CPU
		{64F5148A-1152-40BD-9CD5-FAD310B3EA8F}.Release|Any CPU.ActiveCfg = Release|Any CPU
		{64F5148A-1152-40BD-9CD5-FAD310B3EA8F}.Release|Any CPU.Build.0 = Release|Any CPU
	EndGlobalSection
	GlobalSection(SolutionProperties) = preSolution
		HideSolutionNode = FALSE
	EndGlobalSection
	GlobalSection(ExtensibilityGlobals) = postSolution
		SolutionGuid = {2631DEFC-2A69-40F4-A4A5-82F82B7F74A2}
	EndGlobalSection
EndGlobal
