
Microsoft Visual Studio Solution File, Format Version 12.00
# Visual Studio 15
VisualStudioVersion = 15.0.28307.1169
MinimumVisualStudioVersion = 10.0.40219.1
Project("{9A19103F-16F7-4668-BE54-9A1E7A4F7556}") = "SCGApi", "SCGApi\SCGApi.csproj", "{76CA451F-B757-475E-9947-5E18C6D2CD57}"
EndProject
Project("{9A19103F-16F7-4668-BE54-9A1E7A4F7556}") = "SCG.Core", "SCG.Core\SCG.Core.csproj", "{1E32393F-376E-42AF-A46A-8F842E7964AF}"
EndProject
Global
	GlobalSection(SolutionConfigurationPlatforms) = preSolution
		Debug|Any CPU = Debug|Any CPU
		Release|Any CPU = Release|Any CPU
	EndGlobalSection
	GlobalSection(ProjectConfigurationPlatforms) = postSolution
		{76CA451F-B757-475E-9947-5E18C6D2CD57}.Debug|Any CPU.ActiveCfg = Debug|Any CPU
		{76CA451F-B757-475E-9947-5E18C6D2CD57}.Debug|Any CPU.Build.0 = Debug|Any CPU
		{76CA451F-B757-475E-9947-5E18C6D2CD57}.Release|Any CPU.ActiveCfg = Release|Any CPU
		{76CA451F-B757-475E-9947-5E18C6D2CD57}.Release|Any CPU.Build.0 = Release|Any CPU
		{1E32393F-376E-42AF-A46A-8F842E7964AF}.Debug|Any CPU.ActiveCfg = Debug|Any CPU
		{1E32393F-376E-42AF-A46A-8F842E7964AF}.Debug|Any CPU.Build.0 = Debug|Any CPU
		{1E32393F-376E-42AF-A46A-8F842E7964AF}.Release|Any CPU.ActiveCfg = Release|Any CPU
		{1E32393F-376E-42AF-A46A-8F842E7964AF}.Release|Any CPU.Build.0 = Release|Any CPU
	EndGlobalSection
	GlobalSection(SolutionProperties) = preSolution
		HideSolutionNode = FALSE
	EndGlobalSection
	GlobalSection(ExtensibilityGlobals) = postSolution
		SolutionGuid = {2631DEFC-2A69-40F4-A4A5-82F82B7F74A2}
	EndGlobalSection
EndGlobal
